// !$*UTF8*$!
{
	archiveVersion = 1;
	classes = {
	};
	objectVersion = 56;
	objects = {

/* Begin PBXBuildFile section */
		30826AAC28FA1614009A3563 /* HomeViewModel.swift in Sources */ = {isa = PBXBuildFile; fileRef = 30826AAB28FA1614009A3563 /* HomeViewModel.swift */; };
		30826AAE28FA1673009A3563 /* HomeViewState.swift in Sources */ = {isa = PBXBuildFile; fileRef = 30826AAD28FA1673009A3563 /* HomeViewState.swift */; };
		30826AB128FA1A72009A3563 /* Measure.swift in Sources */ = {isa = PBXBuildFile; fileRef = 30826AB028FA1A72009A3563 /* Measure.swift */; };
		30826AB328FA2093009A3563 /* CircleColorConstant.swift in Sources */ = {isa = PBXBuildFile; fileRef = 30826AB228FA2093009A3563 /* CircleColorConstant.swift */; };
		30826AB528FA2166009A3563 /* Color.swift in Sources */ = {isa = PBXBuildFile; fileRef = 30826AB428FA2166009A3563 /* Color.swift */; };
		30826AB92901DF61009A3563 /* Bubble.swift in Sources */ = {isa = PBXBuildFile; fileRef = 30826AB82901DF61009A3563 /* Bubble.swift */; };
		30917B4928D2812200E8F50D /* BubbleBurstApp.swift in Sources */ = {isa = PBXBuildFile; fileRef = 30917B4828D2812200E8F50D /* BubbleBurstApp.swift */; };
		30917B4B28D2812200E8F50D /* HomeView.swift in Sources */ = {isa = PBXBuildFile; fileRef = 30917B4A28D2812200E8F50D /* HomeView.swift */; };
		30917B4D28D2812400E8F50D /* Assets.xcassets in Resources */ = {isa = PBXBuildFile; fileRef = 30917B4C28D2812400E8F50D /* Assets.xcassets */; };
		30917B5028D2812400E8F50D /* Preview Assets.xcassets in Resources */ = {isa = PBXBuildFile; fileRef = 30917B4F28D2812400E8F50D /* Preview Assets.xcassets */; };
		30917B5828D281A600E8F50D /* SplashView.swift in Sources */ = {isa = PBXBuildFile; fileRef = 30917B5728D281A600E8F50D /* SplashView.swift */; };
		30917B5B28D2923700E8F50D /* SplashViewModel.swift in Sources */ = {isa = PBXBuildFile; fileRef = 30917B5A28D2923700E8F50D /* SplashViewModel.swift */; };
		30917B5D28D2924000E8F50D /* SplashViewState.swift in Sources */ = {isa = PBXBuildFile; fileRef = 30917B5C28D2924000E8F50D /* SplashViewState.swift */; };
		30917B6028D2930400E8F50D /* Binding.swift in Sources */ = {isa = PBXBuildFile; fileRef = 30917B5F28D2930400E8F50D /* Binding.swift */; };
		30917B6328D388AC00E8F50D /* ViewExtension.swift in Sources */ = {isa = PBXBuildFile; fileRef = 30917B6228D388AC00E8F50D /* ViewExtension.swift */; };
/* End PBXBuildFile section */

/* Begin PBXFileReference section */
		30826AAB28FA1614009A3563 /* HomeViewModel.swift */ = {isa = PBXFileReference; lastKnownFileType = sourcecode.swift; path = HomeViewModel.swift; sourceTree = "<group>"; };
		30826AAD28FA1673009A3563 /* HomeViewState.swift */ = {isa = PBXFileReference; lastKnownFileType = sourcecode.swift; path = HomeViewState.swift; sourceTree = "<group>"; };
		30826AB028FA1A72009A3563 /* Measure.swift */ = {isa = PBXFileReference; lastKnownFileType = sourcecode.swift; path = Measure.swift; sourceTree = "<group>"; };
		30826AB228FA2093009A3563 /* CircleColorConstant.swift */ = {isa = PBXFileReference; lastKnownFileType = sourcecode.swift; path = CircleColorConstant.swift; sourceTree = "<group>"; };
		30826AB428FA2166009A3563 /* Color.swift */ = {isa = PBXFileReference; lastKnownFileType = sourcecode.swift; path = Color.swift; sourceTree = "<group>"; };
		30826AB82901DF61009A3563 /* Bubble.swift */ = {isa = PBXFileReference; lastKnownFileType = sourcecode.swift; path = Bubble.swift; sourceTree = "<group>"; };
		30917B4528D2812200E8F50D /* BubbleBurst.app */ = {isa = PBXFileReference; explicitFileType = wrapper.application; includeInIndex = 0; path = BubbleBurst.app; sourceTree = BUILT_PRODUCTS_DIR; };
		30917B4828D2812200E8F50D /* BubbleBurstApp.swift */ = {isa = PBXFileReference; lastKnownFileType = sourcecode.swift; path = BubbleBurstApp.swift; sourceTree = "<group>"; };
		30917B4A28D2812200E8F50D /* HomeView.swift */ = {isa = PBXFileReference; lastKnownFileType = sourcecode.swift; path = HomeView.swift; sourceTree = "<group>"; };
		30917B4C28D2812400E8F50D /* Assets.xcassets */ = {isa = PBXFileReference; lastKnownFileType = folder.assetcatalog; path = Assets.xcassets; sourceTree = "<group>"; };
		30917B4F28D2812400E8F50D /* Preview Assets.xcassets */ = {isa = PBXFileReference; lastKnownFileType = folder.assetcatalog; path = "Preview Assets.xcassets"; sourceTree = "<group>"; };
		30917B5728D281A600E8F50D /* SplashView.swift */ = {isa = PBXFileReference; lastKnownFileType = sourcecode.swift; path = SplashView.swift; sourceTree = "<group>"; };
		30917B5A28D2923700E8F50D /* SplashViewModel.swift */ = {isa = PBXFileReference; lastKnownFileType = sourcecode.swift; path = SplashViewModel.swift; sourceTree = "<group>"; };
		30917B5C28D2924000E8F50D /* SplashViewState.swift */ = {isa = PBXFileReference; lastKnownFileType = sourcecode.swift; path = SplashViewState.swift; sourceTree = "<group>"; };
		30917B5F28D2930400E8F50D /* Binding.swift */ = {isa = PBXFileReference; lastKnownFileType = sourcecode.swift; path = Binding.swift; sourceTree = "<group>"; };
		30917B6228D388AC00E8F50D /* ViewExtension.swift */ = {isa = PBXFileReference; lastKnownFileType = sourcecode.swift; path = ViewExtension.swift; sourceTree = "<group>"; };
/* End PBXFileReference section */

/* Begin PBXFrameworksBuildPhase section */
		30917B4228D2812200E8F50D /* Frameworks */ = {
			isa = PBXFrameworksBuildPhase;
			buildActionMask = 2147483647;
			files = (
			);
			runOnlyForDeploymentPostprocessing = 0;
		};
/* End PBXFrameworksBuildPhase section */

/* Begin PBXGroup section */
		30826AAF28FA1A64009A3563 /* Models */ = {
			isa = PBXGroup;
			children = (
				30826AB028FA1A72009A3563 /* Measure.swift */,
				30826AB228FA2093009A3563 /* CircleColorConstant.swift */,
				30826AB82901DF61009A3563 /* Bubble.swift */,
			);
			path = Models;
			sourceTree = "<group>";
		};
		30917B3C28D2812200E8F50D = {
			isa = PBXGroup;
			children = (
				30917B4728D2812200E8F50D /* BubbleBurst */,
				30917B4628D2812200E8F50D /* Products */,
			);
			sourceTree = "<group>";
		};
		30917B4628D2812200E8F50D /* Products */ = {
			isa = PBXGroup;
			children = (
				30917B4528D2812200E8F50D /* BubbleBurst.app */,
			);
			name = Products;
			sourceTree = "<group>";
		};
		30917B4728D2812200E8F50D /* BubbleBurst */ = {
			isa = PBXGroup;
			children = (
				30826AAF28FA1A64009A3563 /* Models */,
				30917B5E28D292EC00E8F50D /* Extensions */,
				30917B5628D2818F00E8F50D /* Views */,
				30917B4828D2812200E8F50D /* BubbleBurstApp.swift */,
				30917B4C28D2812400E8F50D /* Assets.xcassets */,
				30917B4E28D2812400E8F50D /* Preview Content */,
			);
			path = BubbleBurst;
			sourceTree = "<group>";
		};
		30917B4E28D2812400E8F50D /* Preview Content */ = {
			isa = PBXGroup;
			children = (
				30917B4F28D2812400E8F50D /* Preview Assets.xcassets */,
			);
			path = "Preview Content";
			sourceTree = "<group>";
		};
		30917B5628D2818F00E8F50D /* Views */ = {
			isa = PBXGroup;
			children = (
				30917B6128D2940300E8F50D /* Home */,
				30917B5928D2921A00E8F50D /* Splash */,
			);
			path = Views;
			sourceTree = "<group>";
		};
		30917B5928D2921A00E8F50D /* Splash */ = {
			isa = PBXGroup;
			children = (
				30917B5728D281A600E8F50D /* SplashView.swift */,
				30917B5A28D2923700E8F50D /* SplashViewModel.swift */,
				30917B5C28D2924000E8F50D /* SplashViewState.swift */,
			);
			path = Splash;
			sourceTree = "<group>";
		};
		30917B5E28D292EC00E8F50D /* Extensions */ = {
			isa = PBXGroup;
			children = (
				30917B5F28D2930400E8F50D /* Binding.swift */,
				30917B6228D388AC00E8F50D /* ViewExtension.swift */,
				30826AB428FA2166009A3563 /* Color.swift */,
			);
			path = Extensions;
			sourceTree = "<group>";
		};
		30917B6128D2940300E8F50D /* Home */ = {
			isa = PBXGroup;
			children = (
				30917B4A28D2812200E8F50D /* HomeView.swift */,
				30826AAB28FA1614009A3563 /* HomeViewModel.swift */,
				30826AAD28FA1673009A3563 /* HomeViewState.swift */,
			);
			path = Home;
			sourceTree = "<group>";
		};
/* End PBXGroup section */

/* Begin PBXNativeTarget section */
		30917B4428D2812200E8F50D /* BubbleBurst */ = {
			isa = PBXNativeTarget;
			buildConfigurationList = 30917B5328D2812400E8F50D /* Build configuration list for PBXNativeTarget "BubbleBurst" */;
			buildPhases = (
				30917B4128D2812200E8F50D /* Sources */,
				30917B4228D2812200E8F50D /* Frameworks */,
				30917B4328D2812200E8F50D /* Resources */,
			);
			buildRules = (
			);
			dependencies = (
			);
			name = BubbleBurst;
			productName = BubbleBurst;
			productReference = 30917B4528D2812200E8F50D /* BubbleBurst.app */;
			productType = "com.apple.product-type.application";
		};
/* End PBXNativeTarget section */

/* Begin PBXProject section */
		30917B3D28D2812200E8F50D /* Project object */ = {
			isa = PBXProject;
			attributes = {
				BuildIndependentTargetsInParallel = 1;
				LastSwiftUpdateCheck = 1400;
				LastUpgradeCheck = 1400;
				TargetAttributes = {
					30917B4428D2812200E8F50D = {
						CreatedOnToolsVersion = 14.0;
					};
				};
			};
			buildConfigurationList = 30917B4028D2812200E8F50D /* Build configuration list for PBXProject "BubbleBurst" */;
			compatibilityVersion = "Xcode 14.0";
			developmentRegion = en;
			hasScannedForEncodings = 0;
			knownRegions = (
				en,
				Base,
			);
			mainGroup = 30917B3C28D2812200E8F50D;
			productRefGroup = 30917B4628D2812200E8F50D /* Products */;
			projectDirPath = "";
			projectRoot = "";
			targets = (
				30917B4428D2812200E8F50D /* BubbleBurst */,
			);
		};
/* End PBXProject section */

/* Begin PBXResourcesBuildPhase section */
		30917B4328D2812200E8F50D /* Resources */ = {
			isa = PBXResourcesBuildPhase;
			buildActionMask = 2147483647;
			files = (
				30917B5028D2812400E8F50D /* Preview Assets.xcassets in Resources */,
				30917B4D28D2812400E8F50D /* Assets.xcassets in Resources */,
			);
			runOnlyForDeploymentPostprocessing = 0;
		};
/* End PBXResourcesBuildPhase section */

/* Begin PBXSourcesBuildPhase section */
		30917B4128D2812200E8F50D /* Sources */ = {
			isa = PBXSourcesBuildPhase;
			buildActionMask = 2147483647;
			files = (
				30917B5D28D2924000E8F50D /* SplashViewState.swift in Sources */,
				30826AB92901DF61009A3563 /* Bubble.swift in Sources */,
				30917B6028D2930400E8F50D /* Binding.swift in Sources */,
				30826AB128FA1A72009A3563 /* Measure.swift in Sources */,
				30917B4B28D2812200E8F50D /* HomeView.swift in Sources */,
				30826AAE28FA1673009A3563 /* HomeViewState.swift in Sources */,
				30826AB528FA2166009A3563 /* Color.swift in Sources */,
				30826AAC28FA1614009A3563 /* HomeViewModel.swift in Sources */,
				30917B6328D388AC00E8F50D /* ViewExtension.swift in Sources */,
				30826AB328FA2093009A3563 /* CircleColorConstant.swift in Sources */,
				30917B4928D2812200E8F50D /* BubbleBurstApp.swift in Sources */,
				30917B5828D281A600E8F50D /* SplashView.swift in Sources */,
				30917B5B28D2923700E8F50D /* SplashViewModel.swift in Sources */,
			);
			runOnlyForDeploymentPostprocessing = 0;
		};
/* End PBXSourcesBuildPhase section */

/* Begin XCBuildConfiguration section */
		30917B5128D2812400E8F50D /* Debug */ = {
			isa = XCBuildConfiguration;
			buildSettings = {
				ALWAYS_SEARCH_USER_PATHS = NO;
				CLANG_ANALYZER_NONNULL = YES;
				CLANG_ANALYZER_NUMBER_OBJECT_CONVERSION = YES_AGGRESSIVE;
				CLANG_CXX_LANGUAGE_STANDARD = "gnu++20";
				CLANG_ENABLE_MODULES = YES;
				CLANG_ENABLE_OBJC_ARC = YES;
				CLANG_ENABLE_OBJC_WEAK = YES;
				CLANG_WARN_BLOCK_CAPTURE_AUTORELEASING = YES;
				CLANG_WARN_BOOL_CONVERSION = YES;
				CLANG_WARN_COMMA = YES;
				CLANG_WARN_CONSTANT_CONVERSION = YES;
				CLANG_WARN_DEPRECATED_OBJC_IMPLEMENTATIONS = YES;
				CLANG_WARN_DIRECT_OBJC_ISA_USAGE = YES_ERROR;
				CLANG_WARN_DOCUMENTATION_COMMENTS = YES;
				CLANG_WARN_EMPTY_BODY = YES;
				CLANG_WARN_ENUM_CONVERSION = YES;
				CLANG_WARN_INFINITE_RECURSION = YES;
				CLANG_WARN_INT_CONVERSION = YES;
				CLANG_WARN_NON_LITERAL_NULL_CONVERSION = YES;
				CLANG_WARN_OBJC_IMPLICIT_RETAIN_SELF = YES;
				CLANG_WARN_OBJC_LITERAL_CONVERSION = YES;
				CLANG_WARN_OBJC_ROOT_CLASS = YES_ERROR;
				CLANG_WARN_QUOTED_INCLUDE_IN_FRAMEWORK_HEADER = YES;
				CLANG_WARN_RANGE_LOOP_ANALYSIS = YES;
				CLANG_WARN_STRICT_PROTOTYPES = YES;
				CLANG_WARN_SUSPICIOUS_MOVE = YES;
				CLANG_WARN_UNGUARDED_AVAILABILITY = YES_AGGRESSIVE;
				CLANG_WARN_UNREACHABLE_CODE = YES;
				CLANG_WARN__DUPLICATE_METHOD_MATCH = YES;
				COPY_PHASE_STRIP = NO;
				DEBUG_INFORMATION_FORMAT = dwarf;
				ENABLE_STRICT_OBJC_MSGSEND = YES;
				ENABLE_TESTABILITY = YES;
				GCC_C_LANGUAGE_STANDARD = gnu11;
				GCC_DYNAMIC_NO_PIC = NO;
				GCC_NO_COMMON_BLOCKS = YES;
				GCC_OPTIMIZATION_LEVEL = 0;
				GCC_PREPROCESSOR_DEFINITIONS = (
					"DEBUG=1",
					"$(inherited)",
				);
				GCC_WARN_64_TO_32_BIT_CONVERSION = YES;
				GCC_WARN_ABOUT_RETURN_TYPE = YES_ERROR;
				GCC_WARN_UNDECLARED_SELECTOR = YES;
				GCC_WARN_UNINITIALIZED_AUTOS = YES_AGGRESSIVE;
				GCC_WARN_UNUSED_FUNCTION = YES;
				GCC_WARN_UNUSED_VARIABLE = YES;
				IPHONEOS_DEPLOYMENT_TARGET = 16.0;
				MTL_ENABLE_DEBUG_INFO = INCLUDE_SOURCE;
				MTL_FAST_MATH = YES;
				ONLY_ACTIVE_ARCH = YES;
				SDKROOT = iphoneos;
				SWIFT_ACTIVE_COMPILATION_CONDITIONS = DEBUG;
				SWIFT_OPTIMIZATION_LEVEL = "-Onone";
			};
			name = Debug;
		};
		30917B5228D2812400E8F50D /* Release */ = {
			isa = XCBuildConfiguration;
			buildSettings = {
				ALWAYS_SEARCH_USER_PATHS = NO;
				CLANG_ANALYZER_NONNULL = YES;
				CLANG_ANALYZER_NUMBER_OBJECT_CONVERSION = YES_AGGRESSIVE;
				CLANG_CXX_LANGUAGE_STANDARD = "gnu++20";
				CLANG_ENABLE_MODULES = YES;
				CLANG_ENABLE_OBJC_ARC = YES;
				CLANG_ENABLE_OBJC_WEAK = YES;
				CLANG_WARN_BLOCK_CAPTURE_AUTORELEASING = YES;
				CLANG_WARN_BOOL_CONVERSION = YES;
				CLANG_WARN_COMMA = YES;
				CLANG_WARN_CONSTANT_CONVERSION = YES;
				CLANG_WARN_DEPRECATED_OBJC_IMPLEMENTATIONS = YES;
				CLANG_WARN_DIRECT_OBJC_ISA_USAGE = YES_ERROR;
				CLANG_WARN_DOCUMENTATION_COMMENTS = YES;
				CLANG_WARN_EMPTY_BODY = YES;
				CLANG_WARN_ENUM_CONVERSION = YES;
				CLANG_WARN_INFINITE_RECURSION = YES;
				CLANG_WARN_INT_CONVERSION = YES;
				CLANG_WARN_NON_LITERAL_NULL_CONVERSION = YES;
				CLANG_WARN_OBJC_IMPLICIT_RETAIN_SELF = YES;
				CLANG_WARN_OBJC_LITERAL_CONVERSION = YES;
				CLANG_WARN_OBJC_ROOT_CLASS = YES_ERROR;
				CLANG_WARN_QUOTED_INCLUDE_IN_FRAMEWORK_HEADER = YES;
				CLANG_WARN_RANGE_LOOP_ANALYSIS = YES;
				CLANG_WARN_STRICT_PROTOTYPES = YES;
				CLANG_WARN_SUSPICIOUS_MOVE = YES;
				CLANG_WARN_UNGUARDED_AVAILABILITY = YES_AGGRESSIVE;
				CLANG_WARN_UNREACHABLE_CODE = YES;
				CLANG_WARN__DUPLICATE_METHOD_MATCH = YES;
				COPY_PHASE_STRIP = NO;
				DEBUG_INFORMATION_FORMAT = "dwarf-with-dsym";
				ENABLE_NS_ASSERTIONS = NO;
				ENABLE_STRICT_OBJC_MSGSEND = YES;
				GCC_C_LANGUAGE_STANDARD = gnu11;
				GCC_NO_COMMON_BLOCKS = YES;
				GCC_WARN_64_TO_32_BIT_CONVERSION = YES;
				GCC_WARN_ABOUT_RETURN_TYPE = YES_ERROR;
				GCC_WARN_UNDECLARED_SELECTOR = YES;
				GCC_WARN_UNINITIALIZED_AUTOS = YES_AGGRESSIVE;
				GCC_WARN_UNUSED_FUNCTION = YES;
				GCC_WARN_UNUSED_VARIABLE = YES;
				IPHONEOS_DEPLOYMENT_TARGET = 16.0;
				MTL_ENABLE_DEBUG_INFO = NO;
				MTL_FAST_MATH = YES;
				SDKROOT = iphoneos;
				SWIFT_COMPILATION_MODE = wholemodule;
				SWIFT_OPTIMIZATION_LEVEL = "-O";
				VALIDATE_PRODUCT = YES;
			};
			name = Release;
		};
		30917B5428D2812400E8F50D /* Debug */ = {
			isa = XCBuildConfiguration;
			buildSettings = {
				ASSETCATALOG_COMPILER_APPICON_NAME = AppIcon;
				ASSETCATALOG_COMPILER_GLOBAL_ACCENT_COLOR_NAME = AccentColor;
				CODE_SIGN_STYLE = Automatic;
				CURRENT_PROJECT_VERSION = 1;
				DEVELOPMENT_ASSET_PATHS = "\"BubbleBurst/Preview Content\"";
				ENABLE_PREVIEWS = YES;
				GENERATE_INFOPLIST_FILE = YES;
				INFOPLIST_KEY_UIApplicationSceneManifest_Generation = YES;
				INFOPLIST_KEY_UIApplicationSupportsIndirectInputEvents = YES;
				INFOPLIST_KEY_UILaunchScreen_Generation = YES;
				INFOPLIST_KEY_UISupportedInterfaceOrientations = UIInterfaceOrientationLandscapeLeft;
				IPHONEOS_DEPLOYMENT_TARGET = 16.0;
				LD_RUNPATH_SEARCH_PATHS = (
					"$(inherited)",
					"@executable_path/Frameworks",
				);
				MARKETING_VERSION = 1.0;
				PRODUCT_BUNDLE_IDENTIFIER = br.com.matheusmaxwell.BubbleBurst;
				PRODUCT_NAME = "$(TARGET_NAME)";
				SWIFT_EMIT_LOC_STRINGS = YES;
				SWIFT_VERSION = 5.0;
				TARGETED_DEVICE_FAMILY = "1,2";
			};
			name = Debug;
		};
		30917B5528D2812400E8F50D /* Release */ = {
			isa = XCBuildConfiguration;
			buildSettings = {
				ASSETCATALOG_COMPILER_APPICON_NAME = AppIcon;
				ASSETCATALOG_COMPILER_GLOBAL_ACCENT_COLOR_NAME = AccentColor;
				CODE_SIGN_STYLE = Automatic;
				CURRENT_PROJECT_VERSION = 1;
				DEVELOPMENT_ASSET_PATHS = "\"BubbleBurst/Preview Content\"";
				ENABLE_PREVIEWS = YES;
				GENERATE_INFOPLIST_FILE = YES;
				INFOPLIST_KEY_UIApplicationSceneManifest_Generation = YES;
				INFOPLIST_KEY_UIApplicationSupportsIndirectInputEvents = YES;
				INFOPLIST_KEY_UILaunchScreen_Generation = YES;
				INFOPLIST_KEY_UISupportedInterfaceOrientations = UIInterfaceOrientationLandscapeLeft;
				IPHONEOS_DEPLOYMENT_TARGET = 16.0;
				LD_RUNPATH_SEARCH_PATHS = (
					"$(inherited)",
					"@executable_path/Frameworks",
				);
				MARKETING_VERSION = 1.0;
				PRODUCT_BUNDLE_IDENTIFIER = br.com.matheusmaxwell.BubbleBurst;
				PRODUCT_NAME = "$(TARGET_NAME)";
				SWIFT_EMIT_LOC_STRINGS = YES;
				SWIFT_VERSION = 5.0;
				TARGETED_DEVICE_FAMILY = "1,2";
			};
			name = Release;
		};
/* End XCBuildConfiguration section */

/* Begin XCConfigurationList section */
		30917B4028D2812200E8F50D /* Build configuration list for PBXProject "BubbleBurst" */ = {
			isa = XCConfigurationList;
			buildConfigurations = (
				30917B5128D2812400E8F50D /* Debug */,
				30917B5228D2812400E8F50D /* Release */,
			);
			defaultConfigurationIsVisible = 0;
			defaultConfigurationName = Release;
		};
		30917B5328D2812400E8F50D /* Build configuration list for PBXNativeTarget "BubbleBurst" */ = {
			isa = XCConfigurationList;
			buildConfigurations = (
				30917B5428D2812400E8F50D /* Debug */,
				30917B5528D2812400E8F50D /* Release */,
			);
			defaultConfigurationIsVisible = 0;
			defaultConfigurationName = Release;
		};
/* End XCConfigurationList section */
	};
	rootObject = 30917B3D28D2812200E8F50D /* Project object */;
}
